
Microsoft Visual Studio Solution File, Format Version 11.00
# Visual Studio 2010
Project("{FAE04EC0-301F-11D3-BF4B-00C04F79EFBC}") = "Bronze.Controls.VWG", "Bronze.Controls.VWG\Bronze.Controls.VWG.csproj", "{551801BB-5BBF-4487-A659-1232A09B2EFE}"
EndProject
Project("{FAE04EC0-301F-11D3-BF4B-00C04F79EFBC}") = "Bronze.Controls.Examples", "Bronze.Controls.Examples\Bronze.Controls.Examples.csproj", "{BA335756-912E-4351-AEB9-2FF3F2EB9485}"
EndProject
Project("{2150E333-8FDC-42A3-9474-1A3956D46DE8}") = "RefrenceDlls", "RefrenceDlls", "{3DEA4F66-6D36-4447-BCC7-5D50691532BA}"
	ProjectSection(SolutionItems) = preProject
		RefrenceDlls\Bronze.Core.dll = RefrenceDlls\Bronze.Core.dll
		RefrenceDlls\SevenZipSharp.dll = RefrenceDlls\SevenZipSharp.dll
	EndProjectSection
EndProject
Project("{FAE04EC0-301F-11D3-BF4B-00C04F79EFBC}") = "Bronze.WebGui.Skin", "Bronze.WebGui.Skin\Bronze.WebGui.Skin.csproj", "{8AC58E57-C1ED-4CC5-905B-4B56C78E7667}"
EndProject
Global
	GlobalSection(SubversionScc) = preSolution
		Svn-Managed = True
		Manager = AnkhSVN - Subversion Support for Visual Studio
	EndGlobalSection
	GlobalSection(SolutionConfigurationPlatforms) = preSolution
		Debug|Any CPU = Debug|Any CPU
		Release|Any CPU = Release|Any CPU
	EndGlobalSection
	GlobalSection(ProjectConfigurationPlatforms) = postSolution
		{551801BB-5BBF-4487-A659-1232A09B2EFE}.Debug|Any CPU.ActiveCfg = Debug|Any CPU
		{551801BB-5BBF-4487-A659-1232A09B2EFE}.Debug|Any CPU.Build.0 = Debug|Any CPU
		{551801BB-5BBF-4487-A659-1232A09B2EFE}.Release|Any CPU.ActiveCfg = Release|Any CPU
		{551801BB-5BBF-4487-A659-1232A09B2EFE}.Release|Any CPU.Build.0 = Release|Any CPU
		{BA335756-912E-4351-AEB9-2FF3F2EB9485}.Debug|Any CPU.ActiveCfg = Debug|Any CPU
		{BA335756-912E-4351-AEB9-2FF3F2EB9485}.Debug|Any CPU.Build.0 = Debug|Any CPU
		{BA335756-912E-4351-AEB9-2FF3F2EB9485}.Release|Any CPU.ActiveCfg = Release|Any CPU
		{BA335756-912E-4351-AEB9-2FF3F2EB9485}.Release|Any CPU.Build.0 = Release|Any CPU
		{8AC58E57-C1ED-4CC5-905B-4B56C78E7667}.Debug|Any CPU.ActiveCfg = Debug|Any CPU
		{8AC58E57-C1ED-4CC5-905B-4B56C78E7667}.Debug|Any CPU.Build.0 = Debug|Any CPU
		{8AC58E57-C1ED-4CC5-905B-4B56C78E7667}.Release|Any CPU.ActiveCfg = Release|Any CPU
		{8AC58E57-C1ED-4CC5-905B-4B56C78E7667}.Release|Any CPU.Build.0 = Release|Any CPU
	EndGlobalSection
	GlobalSection(SolutionProperties) = preSolution
		HideSolutionNode = FALSE
	EndGlobalSection
EndGlobal
